// !$*UTF8*$!
{
	archiveVersion = 1;
	classes = {
	};
	objectVersion = 46;
	objects = {

/* Begin PBXBuildFile section */
		1712B3F619CA526E00290C44 /* MapKit.framework in Frameworks */ = {isa = PBXBuildFile; fileRef = 1712B3F519CA526E00290C44 /* MapKit.framework */; };
		1712B3F919CA597400290C44 /* CandyPictureViewController.m in Sources */ = {isa = PBXBuildFile; fileRef = 1712B3F819CA597400290C44 /* CandyPictureViewController.m */; };
		1781DEB819CCBF0400EEEECB /* hedgehogChocolate.jpg in Resources */ = {isa = PBXBuildFile; fileRef = 1781DEB719CCBF0400EEEECB /* hedgehogChocolate.jpg */; };
		1781DEBE19CCD08D00EEEECB /* CandyDetailsViewController.m in Sources */ = {isa = PBXBuildFile; fileRef = 1781DEBD19CCD08D00EEEECB /* CandyDetailsViewController.m */; };
		1781DEC119CCD8CC00EEEECB /* UICandyTableViewCell.m in Sources */ = {isa = PBXBuildFile; fileRef = 1781DEC019CCD8CC00EEEECB /* UICandyTableViewCell.m */; };
		17AD79C519C8F171005F3FF3 /* main.m in Sources */ = {isa = PBXBuildFile; fileRef = 17AD79C419C8F171005F3FF3 /* main.m */; };
		17AD79C819C8F171005F3FF3 /* AppDelegate.m in Sources */ = {isa = PBXBuildFile; fileRef = 17AD79C719C8F171005F3FF3 /* AppDelegate.m */; };
		17AD79CB19C8F171005F3FF3 /* CandyStore.xcdatamodeld in Sources */ = {isa = PBXBuildFile; fileRef = 17AD79C919C8F171005F3FF3 /* CandyStore.xcdatamodeld */; };
		17AD79D119C8F171005F3FF3 /* Main.storyboard in Resources */ = {isa = PBXBuildFile; fileRef = 17AD79CF19C8F171005F3FF3 /* Main.storyboard */; };
		17AD79D319C8F171005F3FF3 /* Images.xcassets in Resources */ = {isa = PBXBuildFile; fileRef = 17AD79D219C8F171005F3FF3 /* Images.xcassets */; };
		17AD79D619C8F172005F3FF3 /* LaunchScreen.xib in Resources */ = {isa = PBXBuildFile; fileRef = 17AD79D419C8F172005F3FF3 /* LaunchScreen.xib */; };
		17AD79E219C8F172005F3FF3 /* CandyStoreTests.m in Sources */ = {isa = PBXBuildFile; fileRef = 17AD79E119C8F172005F3FF3 /* CandyStoreTests.m */; };
		17AD79ED19C9022F005F3FF3 /* CandyListTableViewController.m in Sources */ = {isa = PBXBuildFile; fileRef = 17AD79EC19C9022F005F3FF3 /* CandyListTableViewController.m */; };
		17D7457819D0EF7C003AF0F0 /* Candy.m in Sources */ = {isa = PBXBuildFile; fileRef = 17D7457719D0EF7C003AF0F0 /* Candy.m */; };
/* End PBXBuildFile section */

/* Begin PBXContainerItemProxy section */
		17AD79DC19C8F172005F3FF3 /* PBXContainerItemProxy */ = {
			isa = PBXContainerItemProxy;
			containerPortal = 17AD79B719C8F171005F3FF3 /* Project object */;
			proxyType = 1;
			remoteGlobalIDString = 17AD79BE19C8F171005F3FF3;
			remoteInfo = CandyStore;
		};
/* End PBXContainerItemProxy section */

/* Begin PBXFileReference section */
		1712B3F519CA526E00290C44 /* MapKit.framework */ = {isa = PBXFileReference; lastKnownFileType = wrapper.framework; name = MapKit.framework; path = System/Library/Frameworks/MapKit.framework; sourceTree = SDKROOT; };
		1712B3F719CA597300290C44 /* CandyPictureViewController.h */ = {isa = PBXFileReference; fileEncoding = 4; lastKnownFileType = sourcecode.c.h; path = CandyPictureViewController.h; sourceTree = "<group>"; };
		1712B3F819CA597400290C44 /* CandyPictureViewController.m */ = {isa = PBXFileReference; fileEncoding = 4; lastKnownFileType = sourcecode.c.objc; path = CandyPictureViewController.m; sourceTree = "<group>"; };
		1781DEB719CCBF0400EEEECB /* hedgehogChocolate.jpg */ = {isa = PBXFileReference; lastKnownFileType = image.jpeg; name = hedgehogChocolate.jpg; path = ../hedgehogChocolate.jpg; sourceTree = "<group>"; };
		1781DEBC19CCD08D00EEEECB /* CandyDetailsViewController.h */ = {isa = PBXFileReference; fileEncoding = 4; lastKnownFileType = sourcecode.c.h; path = CandyDetailsViewController.h; sourceTree = "<group>"; };
		1781DEBD19CCD08D00EEEECB /* CandyDetailsViewController.m */ = {isa = PBXFileReference; fileEncoding = 4; lastKnownFileType = sourcecode.c.objc; path = CandyDetailsViewController.m; sourceTree = "<group>"; };
		1781DEBF19CCD8CC00EEEECB /* UICandyTableViewCell.h */ = {isa = PBXFileReference; fileEncoding = 4; lastKnownFileType = sourcecode.c.h; path = UICandyTableViewCell.h; sourceTree = "<group>"; };
		1781DEC019CCD8CC00EEEECB /* UICandyTableViewCell.m */ = {isa = PBXFileReference; fileEncoding = 4; lastKnownFileType = sourcecode.c.objc; path = UICandyTableViewCell.m; sourceTree = "<group>"; };
		17AD79BF19C8F171005F3FF3 /* CandyStore.app */ = {isa = PBXFileReference; explicitFileType = wrapper.application; includeInIndex = 0; path = CandyStore.app; sourceTree = BUILT_PRODUCTS_DIR; };
		17AD79C319C8F171005F3FF3 /* Info.plist */ = {isa = PBXFileReference; lastKnownFileType = text.plist.xml; path = Info.plist; sourceTree = "<group>"; };
		17AD79C419C8F171005F3FF3 /* main.m */ = {isa = PBXFileReference; lastKnownFileType = sourcecode.c.objc; path = main.m; sourceTree = "<group>"; };
		17AD79C619C8F171005F3FF3 /* AppDelegate.h */ = {isa = PBXFileReference; lastKnownFileType = sourcecode.c.h; path = AppDelegate.h; sourceTree = "<group>"; };
		17AD79C719C8F171005F3FF3 /* AppDelegate.m */ = {isa = PBXFileReference; lastKnownFileType = sourcecode.c.objc; path = AppDelegate.m; sourceTree = "<group>"; };
		17AD79CA19C8F171005F3FF3 /* CandyStore.xcdatamodel */ = {isa = PBXFileReference; lastKnownFileType = wrapper.xcdatamodel; path = CandyStore.xcdatamodel; sourceTree = "<group>"; };
		17AD79D019C8F171005F3FF3 /* Base */ = {isa = PBXFileReference; lastKnownFileType = file.storyboard; name = Base; path = Base.lproj/Main.storyboard; sourceTree = "<group>"; };
		17AD79D219C8F171005F3FF3 /* Images.xcassets */ = {isa = PBXFileReference; lastKnownFileType = folder.assetcatalog; path = Images.xcassets; sourceTree = "<group>"; };
		17AD79D519C8F172005F3FF3 /* Base */ = {isa = PBXFileReference; lastKnownFileType = file.xib; name = Base; path = Base.lproj/LaunchScreen.xib; sourceTree = "<group>"; };
		17AD79DB19C8F172005F3FF3 /* CandyStoreTests.xctest */ = {isa = PBXFileReference; explicitFileType = wrapper.cfbundle; includeInIndex = 0; path = CandyStoreTests.xctest; sourceTree = BUILT_PRODUCTS_DIR; };
		17AD79E019C8F172005F3FF3 /* Info.plist */ = {isa = PBXFileReference; lastKnownFileType = text.plist.xml; path = Info.plist; sourceTree = "<group>"; };
		17AD79E119C8F172005F3FF3 /* CandyStoreTests.m */ = {isa = PBXFileReference; lastKnownFileType = sourcecode.c.objc; path = CandyStoreTests.m; sourceTree = "<group>"; };
		17AD79EB19C9022F005F3FF3 /* CandyListTableViewController.h */ = {isa = PBXFileReference; fileEncoding = 4; lastKnownFileType = sourcecode.c.h; path = CandyListTableViewController.h; sourceTree = "<group>"; };
		17AD79EC19C9022F005F3FF3 /* CandyListTableViewController.m */ = {isa = PBXFileReference; fileEncoding = 4; lastKnownFileType = sourcecode.c.objc; path = CandyListTableViewController.m; sourceTree = "<group>"; };
		17D7457619D0EF7C003AF0F0 /* Candy.h */ = {isa = PBXFileReference; fileEncoding = 4; lastKnownFileType = sourcecode.c.h; path = Candy.h; sourceTree = SOURCE_ROOT; };
		17D7457719D0EF7C003AF0F0 /* Candy.m */ = {isa = PBXFileReference; fileEncoding = 4; lastKnownFileType = sourcecode.c.objc; path = Candy.m; sourceTree = SOURCE_ROOT; };
/* End PBXFileReference section */

/* Begin PBXFrameworksBuildPhase section */
		17AD79BC19C8F171005F3FF3 /* Frameworks */ = {
			isa = PBXFrameworksBuildPhase;
			buildActionMask = 2147483647;
			files = (
				1712B3F619CA526E00290C44 /* MapKit.framework in Frameworks */,
			);
			runOnlyForDeploymentPostprocessing = 0;
		};
		17AD79D819C8F172005F3FF3 /* Frameworks */ = {
			isa = PBXFrameworksBuildPhase;
			buildActionMask = 2147483647;
			files = (
			);
			runOnlyForDeploymentPostprocessing = 0;
		};
/* End PBXFrameworksBuildPhase section */

/* Begin PBXGroup section */
		17AD79B619C8F171005F3FF3 = {
			isa = PBXGroup;
			children = (
				1712B3F519CA526E00290C44 /* MapKit.framework */,
				17AD79C119C8F171005F3FF3 /* CandyStore */,
				17AD79DE19C8F172005F3FF3 /* CandyStoreTests */,
				17AD79C019C8F171005F3FF3 /* Products */,
			);
			sourceTree = "<group>";
		};
		17AD79C019C8F171005F3FF3 /* Products */ = {
			isa = PBXGroup;
			children = (
				17AD79BF19C8F171005F3FF3 /* CandyStore.app */,
				17AD79DB19C8F172005F3FF3 /* CandyStoreTests.xctest */,
			);
			name = Products;
			sourceTree = "<group>";
		};
		17AD79C119C8F171005F3FF3 /* CandyStore */ = {
			isa = PBXGroup;
			children = (
				17AD79C619C8F171005F3FF3 /* AppDelegate.h */,
				17AD79C719C8F171005F3FF3 /* AppDelegate.m */,
				17D7457619D0EF7C003AF0F0 /* Candy.h */,
				17D7457719D0EF7C003AF0F0 /* Candy.m */,
				17AD79EB19C9022F005F3FF3 /* CandyListTableViewController.h */,
				17AD79EC19C9022F005F3FF3 /* CandyListTableViewController.m */,
				1781DEBF19CCD8CC00EEEECB /* UICandyTableViewCell.h */,
				1781DEC019CCD8CC00EEEECB /* UICandyTableViewCell.m */,
				1781DEBC19CCD08D00EEEECB /* CandyDetailsViewController.h */,
				1781DEBD19CCD08D00EEEECB /* CandyDetailsViewController.m */,
				1712B3F719CA597300290C44 /* CandyPictureViewController.h */,
				1712B3F819CA597400290C44 /* CandyPictureViewController.m */,
				17AD79CF19C8F171005F3FF3 /* Main.storyboard */,
				17AD79D219C8F171005F3FF3 /* Images.xcassets */,
				17AD79D419C8F172005F3FF3 /* LaunchScreen.xib */,
				17AD79C919C8F171005F3FF3 /* CandyStore.xcdatamodeld */,
				17AD79C219C8F171005F3FF3 /* Supporting Files */,
			);
			path = CandyStore;
			sourceTree = "<group>";
		};
		17AD79C219C8F171005F3FF3 /* Supporting Files */ = {
			isa = PBXGroup;
			children = (
				1781DEB719CCBF0400EEEECB /* hedgehogChocolate.jpg */,
				17AD79C319C8F171005F3FF3 /* Info.plist */,
				17AD79C419C8F171005F3FF3 /* main.m */,
			);
			name = "Supporting Files";
			sourceTree = "<group>";
		};
		17AD79DE19C8F172005F3FF3 /* CandyStoreTests */ = {
			isa = PBXGroup;
			children = (
				17AD79E119C8F172005F3FF3 /* CandyStoreTests.m */,
				17AD79DF19C8F172005F3FF3 /* Supporting Files */,
			);
			path = CandyStoreTests;
			sourceTree = "<group>";
		};
		17AD79DF19C8F172005F3FF3 /* Supporting Files */ = {
			isa = PBXGroup;
			children = (
				17AD79E019C8F172005F3FF3 /* Info.plist */,
			);
			name = "Supporting Files";
			sourceTree = "<group>";
		};
/* End PBXGroup section */

/* Begin PBXNativeTarget section */
		17AD79BE19C8F171005F3FF3 /* CandyStore */ = {
			isa = PBXNativeTarget;
			buildConfigurationList = 17AD79E519C8F172005F3FF3 /* Build configuration list for PBXNativeTarget "CandyStore" */;
			buildPhases = (
				17AD79BB19C8F171005F3FF3 /* Sources */,
				17AD79BC19C8F171005F3FF3 /* Frameworks */,
				17AD79BD19C8F171005F3FF3 /* Resources */,
			);
			buildRules = (
			);
			dependencies = (
			);
			name = CandyStore;
			productName = CandyStore;
			productReference = 17AD79BF19C8F171005F3FF3 /* CandyStore.app */;
			productType = "com.apple.product-type.application";
		};
		17AD79DA19C8F172005F3FF3 /* CandyStoreTests */ = {
			isa = PBXNativeTarget;
			buildConfigurationList = 17AD79E819C8F172005F3FF3 /* Build configuration list for PBXNativeTarget "CandyStoreTests" */;
			buildPhases = (
				17AD79D719C8F172005F3FF3 /* Sources */,
				17AD79D819C8F172005F3FF3 /* Frameworks */,
				17AD79D919C8F172005F3FF3 /* Resources */,
			);
			buildRules = (
			);
			dependencies = (
				17AD79DD19C8F172005F3FF3 /* PBXTargetDependency */,
			);
			name = CandyStoreTests;
			productName = CandyStoreTests;
			productReference = 17AD79DB19C8F172005F3FF3 /* CandyStoreTests.xctest */;
			productType = "com.apple.product-type.bundle.unit-test";
		};
/* End PBXNativeTarget section */

/* Begin PBXProject section */
		17AD79B719C8F171005F3FF3 /* Project object */ = {
			isa = PBXProject;
			attributes = {
				LastUpgradeCheck = 0600;
				ORGANIZATIONNAME = Byjor;
				TargetAttributes = {
					17AD79BE19C8F171005F3FF3 = {
						CreatedOnToolsVersion = 6.0;
						DevelopmentTeam = KRSTNFA75G;
					};
					17AD79DA19C8F172005F3FF3 = {
						CreatedOnToolsVersion = 6.0;
						TestTargetID = 17AD79BE19C8F171005F3FF3;
					};
				};
			};
			buildConfigurationList = 17AD79BA19C8F171005F3FF3 /* Build configuration list for PBXProject "CandyStore" */;
			compatibilityVersion = "Xcode 3.2";
			developmentRegion = English;
			hasScannedForEncodings = 0;
			knownRegions = (
				en,
				Base,
			);
			mainGroup = 17AD79B619C8F171005F3FF3;
			productRefGroup = 17AD79C019C8F171005F3FF3 /* Products */;
			projectDirPath = "";
			projectRoot = "";
			targets = (
				17AD79BE19C8F171005F3FF3 /* CandyStore */,
				17AD79DA19C8F172005F3FF3 /* CandyStoreTests */,
			);
		};
/* End PBXProject section */

/* Begin PBXResourcesBuildPhase section */
		17AD79BD19C8F171005F3FF3 /* Resources */ = {
			isa = PBXResourcesBuildPhase;
			buildActionMask = 2147483647;
			files = (
				17AD79D119C8F171005F3FF3 /* Main.storyboard in Resources */,
				1781DEB819CCBF0400EEEECB /* hedgehogChocolate.jpg in Resources */,
				17AD79D619C8F172005F3FF3 /* LaunchScreen.xib in Resources */,
				17AD79D319C8F171005F3FF3 /* Images.xcassets in Resources */,
			);
			runOnlyForDeploymentPostprocessing = 0;
		};
		17AD79D919C8F172005F3FF3 /* Resources */ = {
			isa = PBXResourcesBuildPhase;
			buildActionMask = 2147483647;
			files = (
			);
			runOnlyForDeploymentPostprocessing = 0;
		};
/* End PBXResourcesBuildPhase section */

/* Begin PBXSourcesBuildPhase section */
		17AD79BB19C8F171005F3FF3 /* Sources */ = {
			isa = PBXSourcesBuildPhase;
			buildActionMask = 2147483647;
			files = (
				1781DEC119CCD8CC00EEEECB /* UICandyTableViewCell.m in Sources */,
				17AD79CB19C8F171005F3FF3 /* CandyStore.xcdatamodeld in Sources */,
				1781DEBE19CCD08D00EEEECB /* CandyDetailsViewController.m in Sources */,
				17D7457819D0EF7C003AF0F0 /* Candy.m in Sources */,
				17AD79C819C8F171005F3FF3 /* AppDelegate.m in Sources */,
				17AD79C519C8F171005F3FF3 /* main.m in Sources */,
				1712B3F919CA597400290C44 /* CandyPictureViewController.m in Sources */,
				17AD79ED19C9022F005F3FF3 /* CandyListTableViewController.m in Sources */,
			);
			runOnlyForDeploymentPostprocessing = 0;
		};
		17AD79D719C8F172005F3FF3 /* Sources */ = {
			isa = PBXSourcesBuildPhase;
			buildActionMask = 2147483647;
			files = (
				17AD79E219C8F172005F3FF3 /* CandyStoreTests.m in Sources */,
			);
			runOnlyForDeploymentPostprocessing = 0;
		};
/* End PBXSourcesBuildPhase section */

/* Begin PBXTargetDependency section */
		17AD79DD19C8F172005F3FF3 /* PBXTargetDependency */ = {
			isa = PBXTargetDependency;
			target = 17AD79BE19C8F171005F3FF3 /* CandyStore */;
			targetProxy = 17AD79DC19C8F172005F3FF3 /* PBXContainerItemProxy */;
		};
/* End PBXTargetDependency section */

/* Begin PBXVariantGroup section */
		17AD79CF19C8F171005F3FF3 /* Main.storyboard */ = {
			isa = PBXVariantGroup;
			children = (
				17AD79D019C8F171005F3FF3 /* Base */,
			);
			name = Main.storyboard;
			sourceTree = "<group>";
		};
		17AD79D419C8F172005F3FF3 /* LaunchScreen.xib */ = {
			isa = PBXVariantGroup;
			children = (
				17AD79D519C8F172005F3FF3 /* Base */,
			);
			name = LaunchScreen.xib;
			sourceTree = "<group>";
		};
/* End PBXVariantGroup section */

/* Begin XCBuildConfiguration section */
		17AD79E319C8F172005F3FF3 /* Debug */ = {
			isa = XCBuildConfiguration;
			buildSettings = {
				ALWAYS_SEARCH_USER_PATHS = NO;
				CLANG_CXX_LANGUAGE_STANDARD = "gnu++0x";
				CLANG_CXX_LIBRARY = "libc++";
				CLANG_ENABLE_MODULES = YES;
				CLANG_ENABLE_OBJC_ARC = YES;
				CLANG_WARN_BOOL_CONVERSION = YES;
				CLANG_WARN_CONSTANT_CONVERSION = YES;
				CLANG_WARN_DIRECT_OBJC_ISA_USAGE = YES_ERROR;
				CLANG_WARN_EMPTY_BODY = YES;
				CLANG_WARN_ENUM_CONVERSION = YES;
				CLANG_WARN_INT_CONVERSION = YES;
				CLANG_WARN_OBJC_ROOT_CLASS = YES_ERROR;
				CLANG_WARN_UNREACHABLE_CODE = YES;
				CLANG_WARN__DUPLICATE_METHOD_MATCH = YES;
				"CODE_SIGN_IDENTITY[sdk=iphoneos*]" = "iPhone Developer";
				COPY_PHASE_STRIP = NO;
				ENABLE_STRICT_OBJC_MSGSEND = YES;
				GCC_C_LANGUAGE_STANDARD = gnu99;
				GCC_DYNAMIC_NO_PIC = NO;
				GCC_OPTIMIZATION_LEVEL = 0;
				GCC_PREPROCESSOR_DEFINITIONS = (
					"DEBUG=1",
					"$(inherited)",
				);
				GCC_SYMBOLS_PRIVATE_EXTERN = NO;
				GCC_WARN_64_TO_32_BIT_CONVERSION = YES;
				GCC_WARN_ABOUT_RETURN_TYPE = YES_ERROR;
				GCC_WARN_UNDECLARED_SELECTOR = YES;
				GCC_WARN_UNINITIALIZED_AUTOS = YES_AGGRESSIVE;
				GCC_WARN_UNUSED_FUNCTION = YES;
				GCC_WARN_UNUSED_VARIABLE = YES;
				IPHONEOS_DEPLOYMENT_TARGET = 8.0;
				MTL_ENABLE_DEBUG_INFO = YES;
				ONLY_ACTIVE_ARCH = YES;
				SDKROOT = iphoneos;
			};
			name = Debug;
		};
		17AD79E419C8F172005F3FF3 /* Release */ = {
			isa = XCBuildConfiguration;
			buildSettings = {
				ALWAYS_SEARCH_USER_PATHS = NO;
				CLANG_CXX_LANGUAGE_STANDARD = "gnu++0x";
				CLANG_CXX_LIBRARY = "libc++";
				CLANG_ENABLE_MODULES = YES;
				CLANG_ENABLE_OBJC_ARC = YES;
				CLANG_WARN_BOOL_CONVERSION = YES;
				CLANG_WARN_CONSTANT_CONVERSION = YES;
				CLANG_WARN_DIRECT_OBJC_ISA_USAGE = YES_ERROR;
				CLANG_WARN_EMPTY_BODY = YES;
				CLANG_WARN_ENUM_CONVERSION = YES;
				CLANG_WARN_INT_CONVERSION = YES;
				CLANG_WARN_OBJC_ROOT_CLASS = YES_ERROR;
				CLANG_WARN_UNREACHABLE_CODE = YES;
				CLANG_WARN__DUPLICATE_METHOD_MATCH = YES;
				"CODE_SIGN_IDENTITY[sdk=iphoneos*]" = "iPhone Developer";
				COPY_PHASE_STRIP = YES;
				ENABLE_NS_ASSERTIONS = NO;
				ENABLE_STRICT_OBJC_MSGSEND = YES;
				GCC_C_LANGUAGE_STANDARD = gnu99;
				GCC_WARN_64_TO_32_BIT_CONVERSION = YES;
				GCC_WARN_ABOUT_RETURN_TYPE = YES_ERROR;
				GCC_WARN_UNDECLARED_SELECTOR = YES;
				GCC_WARN_UNINITIALIZED_AUTOS = YES_AGGRESSIVE;
				GCC_WARN_UNUSED_FUNCTION = YES;
				GCC_WARN_UNUSED_VARIABLE = YES;
				IPHONEOS_DEPLOYMENT_TARGET = 8.0;
				MTL_ENABLE_DEBUG_INFO = NO;
				SDKROOT = iphoneos;
				VALIDATE_PRODUCT = YES;
			};
			name = Release;
		};
		17AD79E619C8F172005F3FF3 /* Debug */ = {
			isa = XCBuildConfiguration;
			buildSettings = {
				ASSETCATALOG_COMPILER_APPICON_NAME = AppIcon;
				INFOPLIST_FILE = CandyStore/Info.plist;
				LD_RUNPATH_SEARCH_PATHS = "$(inherited) @executable_path/Frameworks";
				PRODUCT_NAME = "$(TARGET_NAME)";
			};
			name = Debug;
		};
		17AD79E719C8F172005F3FF3 /* Release */ = {
			isa = XCBuildConfiguration;
			buildSettings = {
				ASSETCATALOG_COMPILER_APPICON_NAME = AppIcon;
				INFOPLIST_FILE = CandyStore/Info.plist;
				LD_RUNPATH_SEARCH_PATHS = "$(inherited) @executable_path/Frameworks";
				PRODUCT_NAME = "$(TARGET_NAME)";
			};
			name = Release;
		};
		17AD79E919C8F172005F3FF3 /* Debug */ = {
			isa = XCBuildConfiguration;
			buildSettings = {
				BUNDLE_LOADER = "$(TEST_HOST)";
				FRAMEWORK_SEARCH_PATHS = (
					"$(SDKROOT)/Developer/Library/Frameworks",
					"$(inherited)",
				);
				GCC_PREPROCESSOR_DEFINITIONS = (
					"DEBUG=1",
					"$(inherited)",
				);
				INFOPLIST_FILE = CandyStoreTests/Info.plist;
				LD_RUNPATH_SEARCH_PATHS = "$(inherited) @executable_path/Frameworks @loader_path/Frameworks";
				PRODUCT_NAME = "$(TARGET_NAME)";
				TEST_HOST = "$(BUILT_PRODUCTS_DIR)/CandyStore.app/CandyStore";
			};
			name = Debug;
		};
		17AD79EA19C8F172005F3FF3 /* Release */ = {
			isa = XCBuildConfiguration;
			buildSettings = {
				BUNDLE_LOADER = "$(TEST_HOST)";
				FRAMEWORK_SEARCH_PATHS = (
					"$(SDKROOT)/Developer/Library/Frameworks",
					"$(inherited)",
				);
				INFOPLIST_FILE = CandyStoreTests/Info.plist;
				LD_RUNPATH_SEARCH_PATHS = "$(inherited) @executable_path/Frameworks @loader_path/Frameworks";
				PRODUCT_NAME = "$(TARGET_NAME)";
				TEST_HOST = "$(BUILT_PRODUCTS_DIR)/CandyStore.app/CandyStore";
			};
			name = Release;
		};
/* End XCBuildConfiguration section */

/* Begin XCConfigurationList section */
		17AD79BA19C8F171005F3FF3 /* Build configuration list for PBXProject "CandyStore" */ = {
			isa = XCConfigurationList;
			buildConfigurations = (
				17AD79E319C8F172005F3FF3 /* Debug */,
				17AD79E419C8F172005F3FF3 /* Release */,
			);
			defaultConfigurationIsVisible = 0;
			defaultConfigurationName = Release;
		};
		17AD79E519C8F172005F3FF3 /* Build configuration list for PBXNativeTarget "CandyStore" */ = {
			isa = XCConfigurationList;
			buildConfigurations = (
				17AD79E619C8F172005F3FF3 /* Debug */,
				17AD79E719C8F172005F3FF3 /* Release */,
			);
			defaultConfigurationIsVisible = 0;
			defaultConfigurationName = Release;
		};
		17AD79E819C8F172005F3FF3 /* Build configuration list for PBXNativeTarget "CandyStoreTests" */ = {
			isa = XCConfigurationList;
			buildConfigurations = (
				17AD79E919C8F172005F3FF3 /* Debug */,
				17AD79EA19C8F172005F3FF3 /* Release */,
			);
			defaultConfigurationIsVisible = 0;
			defaultConfigurationName = Release;
		};
/* End XCConfigurationList section */

/* Begin XCVersionGroup section */
		17AD79C919C8F171005F3FF3 /* CandyStore.xcdatamodeld */ = {
			isa = XCVersionGroup;
			children = (
				17AD79CA19C8F171005F3FF3 /* CandyStore.xcdatamodel */,
			);
			currentVersion = 17AD79CA19C8F171005F3FF3 /* CandyStore.xcdatamodel */;
			path = CandyStore.xcdatamodeld;
			sourceTree = "<group>";
			versionGroupType = wrapper.xcdatamodel;
		};
/* End XCVersionGroup section */
	};
	rootObject = 17AD79B719C8F171005F3FF3 /* Project object */;
}
